
Microsoft Visual Studio Solution File, Format Version 12.00
# Visual Studio 14
VisualStudioVersion = 14.0.25420.1
MinimumVisualStudioVersion = 10.0.40219.1
Project("{FAE04EC0-301F-11D3-BF4B-00C04F79EFBC}") = "CommandLunacher", "CommandLunacher\CommandLunacher.csproj", "{1A9A75BE-772B-424D-941F-1854196DA1A7}"
EndProject
Project("{FAE04EC0-301F-11D3-BF4B-00C04F79EFBC}") = "EmitUtility", "EmitUtility\EmitUtility.csproj", "{649FA84A-9AF8-4C24-814A-B111A093C310}"
EndProject
Project("{FAE04EC0-301F-11D3-BF4B-00C04F79EFBC}") = "RibbonItemEmitService", "RibbonItemEmitService\RibbonItemEmitService.csproj", "{3F035A18-D899-4407-A070-BAD65E0E4E81}"
EndProject
Project("{FAE04EC0-301F-11D3-BF4B-00C04F79EFBC}") = "InvokeUtility", "InvokeUtility\InvokeUtility.csproj", "{67AF08A6-0492-4ECF-88B6-6168EEA3E49D}"
EndProject
Global
	GlobalSection(SolutionConfigurationPlatforms) = preSolution
		Debug|Any CPU = Debug|Any CPU
		Release|Any CPU = Release|Any CPU
	EndGlobalSection
	GlobalSection(ProjectConfigurationPlatforms) = postSolution
		{1A9A75BE-772B-424D-941F-1854196DA1A7}.Debug|Any CPU.ActiveCfg = Debug|Any CPU
		{1A9A75BE-772B-424D-941F-1854196DA1A7}.Debug|Any CPU.Build.0 = Debug|Any CPU
		{1A9A75BE-772B-424D-941F-1854196DA1A7}.Release|Any CPU.ActiveCfg = Release|Any CPU
		{1A9A75BE-772B-424D-941F-1854196DA1A7}.Release|Any CPU.Build.0 = Release|Any CPU
		{649FA84A-9AF8-4C24-814A-B111A093C310}.Debug|Any CPU.ActiveCfg = Debug|Any CPU
		{649FA84A-9AF8-4C24-814A-B111A093C310}.Debug|Any CPU.Build.0 = Debug|Any CPU
		{649FA84A-9AF8-4C24-814A-B111A093C310}.Release|Any CPU.ActiveCfg = Release|Any CPU
		{649FA84A-9AF8-4C24-814A-B111A093C310}.Release|Any CPU.Build.0 = Release|Any CPU
		{3F035A18-D899-4407-A070-BAD65E0E4E81}.Debug|Any CPU.ActiveCfg = Debug|Any CPU
		{3F035A18-D899-4407-A070-BAD65E0E4E81}.Debug|Any CPU.Build.0 = Debug|Any CPU
		{3F035A18-D899-4407-A070-BAD65E0E4E81}.Release|Any CPU.ActiveCfg = Release|Any CPU
		{3F035A18-D899-4407-A070-BAD65E0E4E81}.Release|Any CPU.Build.0 = Release|Any CPU
		{67AF08A6-0492-4ECF-88B6-6168EEA3E49D}.Debug|Any CPU.ActiveCfg = Debug|Any CPU
		{67AF08A6-0492-4ECF-88B6-6168EEA3E49D}.Debug|Any CPU.Build.0 = Debug|Any CPU
		{67AF08A6-0492-4ECF-88B6-6168EEA3E49D}.Release|Any CPU.ActiveCfg = Release|Any CPU
		{67AF08A6-0492-4ECF-88B6-6168EEA3E49D}.Release|Any CPU.Build.0 = Release|Any CPU
	EndGlobalSection
	GlobalSection(SolutionProperties) = preSolution
		HideSolutionNode = FALSE
	EndGlobalSection
EndGlobal
